
Microsoft Visual Studio Solution File, Format Version 12.00
# Visual Studio Version 17
VisualStudioVersion = 17.12.35707.178 d17.12
MinimumVisualStudioVersion = 10.0.40219.1
Project("{888888A0-9F3D-457C-B088-3A5042F75D52}") = "Pantallaenblanco01", "Pantallaenblanco01\Pantallaenblanco01.pyproj", "{E4A18698-8B3C-4E0A-BECC-71DEFEF4A545}"
EndProject
Global
	GlobalSection(SolutionConfigurationPlatforms) = preSolution
		Debug|Any CPU = Debug|Any CPU
		Release|Any CPU = Release|Any CPU
	EndGlobalSection
	GlobalSection(ProjectConfigurationPlatforms) = postSolution
		{E4A18698-8B3C-4E0A-BECC-71DEFEF4A545}.Debug|Any CPU.ActiveCfg = Debug|Any CPU
		{E4A18698-8B3C-4E0A-BECC-71DEFEF4A545}.Release|Any CPU.ActiveCfg = Release|Any CPU
	EndGlobalSection
	GlobalSection(SolutionProperties) = preSolution
		HideSolutionNode = FALSE
	EndGlobalSection
EndGlobal
